[[package]]
name = "Nature-integrate-test-converter"
version = "0.1.0"
dependencies = [
 "nature_common 0.1.0",
]

[[package]]
name = "nature_common"
version = "0.1.0"
dependencies = [
 "serde 1.0.71 (registry+https://github.com/rust-lang/crates.io-index)",
 "serde_derive 1.0.71 (registry+https://github.com/rust-lang/crates.io-index)",
]

[[package]]
name = "proc-macro2"
version = "0.4.13"
source = "registry+https://github.com/rust-lang/crates.io-index"
dependencies = [
 "unicode-xid 0.1.0 (registry+https://github.com/rust-lang/crates.io-index)",
]

[[package]]
name = "quote"
version = "0.6.6"
source = "registry+https://github.com/rust-lang/crates.io-index"
dependencies = [
 "proc-macro2 0.4.13 (registry+https://github.com/rust-lang/crates.io-index)",
]

[[package]]
name = "serde"
version = "1.0.71"
source = "registry+https://github.com/rust-lang/crates.io-index"

[[package]]
name = "serde_derive"
version = "1.0.71"
source = "registry+https://github.com/rust-lang/crates.io-index"
dependencies = [
 "proc-macro2 0.4.13 (registry+https://github.com/rust-lang/crates.io-index)",
 "quote 0.6.6 (registry+https://github.com/rust-lang/crates.io-index)",
 "syn 0.14.8 (registry+https://github.com/rust-lang/crates.io-index)",
]

[[package]]
name = "syn"
version = "0.14.8"
source = "registry+https://github.com/rust-lang/crates.io-index"
dependencies = [
 "proc-macro2 0.4.13 (registry+https://github.com/rust-lang/crates.io-index)",
 "quote 0.6.6 (registry+https://github.com/rust-lang/crates.io-index)",
 "unicode-xid 0.1.0 (registry+https://github.com/rust-lang/crates.io-index)",
]

[[package]]
name = "unicode-xid"
version = "0.1.0"
source = "registry+https://github.com/rust-lang/crates.io-index"

[metadata]
"checksum proc-macro2 0.4.13 (registry+https://github.com/rust-lang/crates.io-index)" = "ee5697238f0d893c7f0ecc59c0999f18d2af85e424de441178bcacc9f9e6cf67"
"checksum quote 0.6.6 (registry+https://github.com/rust-lang/crates.io-index)" = "ed7d650913520df631972f21e104a4fa2f9c82a14afc65d17b388a2e29731e7c"
"checksum serde 1.0.71 (registry+https://github.com/rust-lang/crates.io-index)" = "6dfad05c8854584e5f72fb859385ecdfa03af69c3fd0572f0da2d4c95f060bdb"
"checksum serde_derive 1.0.71 (registry+https://github.com/rust-lang/crates.io-index)" = "b719c6d5e9f73fbc37892246d5852333f040caa617b8873c6aced84bcb28e7bb"
"checksum syn 0.14.8 (registry+https://github.com/rust-lang/crates.io-index)" = "b7bfcbb0c068d0f642a0ffbd5c604965a360a61f99e8add013cef23a838614f3"
"checksum unicode-xid 0.1.0 (registry+https://github.com/rust-lang/crates.io-index)" = "fc72304796d0818e357ead4e000d19c9c174ab23dc11093ac919054d20a6a7fc"
